
Microsoft Visual Studio Solution File, Format Version 12.00
# Visual Studio Version 16
VisualStudioVersion = 16.0.31019.35
MinimumVisualStudioVersion = 10.0.40219.1
Project("{9A19103F-16F7-4668-BE54-9A1E7A4F7556}") = "WhoWhom", "OauthFace\WhoWhom.csproj", "{3C6D7EBF-139A-42D9-BFDB-6E8369731115}"
EndProject
Global
	GlobalSection(SolutionConfigurationPlatforms) = preSolution
		Debug|Any CPU = Debug|Any CPU
		Release|Any CPU = Release|Any CPU
	EndGlobalSection
	GlobalSection(ProjectConfigurationPlatforms) = postSolution
		{3C6D7EBF-139A-42D9-BFDB-6E8369731115}.Debug|Any CPU.ActiveCfg = Debug|Any CPU
		{3C6D7EBF-139A-42D9-BFDB-6E8369731115}.Debug|Any CPU.Build.0 = Debug|Any CPU
		{3C6D7EBF-139A-42D9-BFDB-6E8369731115}.Release|Any CPU.ActiveCfg = Release|Any CPU
		{3C6D7EBF-139A-42D9-BFDB-6E8369731115}.Release|Any CPU.Build.0 = Release|Any CPU
	EndGlobalSection
	GlobalSection(SolutionProperties) = preSolution
		HideSolutionNode = FALSE
	EndGlobalSection
	GlobalSection(ExtensibilityGlobals) = postSolution
		SolutionGuid = {C4C2B890-BFDB-47B2-9B00-03A9EDE5AF95}
	EndGlobalSection
EndGlobal
